
Microsoft Visual Studio Solution File, Format Version 12.00
# Visual Studio Version 17
VisualStudioVersion = 17.9.34622.214
MinimumVisualStudioVersion = 10.0.40219.1
Project("{9A19103F-16F7-4668-BE54-9A1E7A4F7556}") = "NovoConversor", "NovoConversor.csproj", "{292ACEAF-5CCA-42CC-B6CD-0841184866B0}"
EndProject
Global
	GlobalSection(SolutionConfigurationPlatforms) = preSolution
		Debug|Any CPU = Debug|Any CPU
		Release|Any CPU = Release|Any CPU
	EndGlobalSection
	GlobalSection(ProjectConfigurationPlatforms) = postSolution
		{292ACEAF-5CCA-42CC-B6CD-0841184866B0}.Debug|Any CPU.ActiveCfg = Debug|Any CPU
		{292ACEAF-5CCA-42CC-B6CD-0841184866B0}.Debug|Any CPU.Build.0 = Debug|Any CPU
		{292ACEAF-5CCA-42CC-B6CD-0841184866B0}.Release|Any CPU.ActiveCfg = Release|Any CPU
		{292ACEAF-5CCA-42CC-B6CD-0841184866B0}.Release|Any CPU.Build.0 = Release|Any CPU
	EndGlobalSection
	GlobalSection(SolutionProperties) = preSolution
		HideSolutionNode = FALSE
	EndGlobalSection
	GlobalSection(ExtensibilityGlobals) = postSolution
		SolutionGuid = {7A818A8D-2321-41A0-910D-FFDB72E4AFB7}
	EndGlobalSection
EndGlobal
